
Microsoft Visual Studio Solution File, Format Version 12.00
# Visual Studio 15
VisualStudioVersion = 15.0.28307.1169
MinimumVisualStudioVersion = 10.0.40219.1
Project("{FAE04EC0-301F-11D3-BF4B-00C04F79EFBC}") = "yemeksepeti", "yemeksepeti\yemeksepeti.csproj", "{02DCE454-0469-42E9-83F2-64B3A25CA3E6}"
EndProject
Global
	GlobalSection(SolutionConfigurationPlatforms) = preSolution
		Debug|Any CPU = Debug|Any CPU
		Release|Any CPU = Release|Any CPU
	EndGlobalSection
	GlobalSection(ProjectConfigurationPlatforms) = postSolution
		{02DCE454-0469-42E9-83F2-64B3A25CA3E6}.Debug|Any CPU.ActiveCfg = Debug|Any CPU
		{02DCE454-0469-42E9-83F2-64B3A25CA3E6}.Debug|Any CPU.Build.0 = Debug|Any CPU
		{02DCE454-0469-42E9-83F2-64B3A25CA3E6}.Release|Any CPU.ActiveCfg = Release|Any CPU
		{02DCE454-0469-42E9-83F2-64B3A25CA3E6}.Release|Any CPU.Build.0 = Release|Any CPU
	EndGlobalSection
	GlobalSection(SolutionProperties) = preSolution
		HideSolutionNode = FALSE
	EndGlobalSection
	GlobalSection(ExtensibilityGlobals) = postSolution
		SolutionGuid = {9FD97B12-F3BE-45E5-B5E8-17EAB19704AF}
	EndGlobalSection
EndGlobal
